<?xml version="1.0" encoding="utf-8"?>
<Project ToolsVersion="4.0" xmlns="http://schemas.microsoft.com/developer/msbuild/2003">
  <ItemGroup>
    <ClCompile Include="bot\bot.cpp" />
    <ClCompile Include="bot\bot_client.cpp" />
    <ClCompile Include="bot\marker.cpp" />
    <ClCompile Include="bot\parabot.cpp" />
    <ClCompile Include="bot\pb_global.cpp" />
    <ClCompile Include="bot\sounds.cpp" />
    <ClCompile Include="bot\utilityfuncs.cpp" />
    <ClCompile Include="dlls\physint.cpp" />
    <ClCompile Include="bot\pb_action.cpp" />
    <ClCompile Include="bot\pb_cell.cpp" />
    <ClCompile Include="bot\pb_chat.cpp" />
    <ClCompile Include="bot\pb_combat.cpp" />
    <ClCompile Include="bot\pb_combatgoals.cpp" />
    <ClCompile Include="bot\pb_configuration.cpp" />
    <ClCompile Include="bot\pb_focus.cpp" />
    <ClCompile Include="bot\pb_goalfinder.cpp" />
    <ClCompile Include="bot\pb_goals.cpp" />
    <ClCompile Include="bot\pb_journey.cpp" />
    <ClCompile Include="bot\pb_kills.cpp" />
    <ClCompile Include="bot\pb_mapcells.cpp" />
    <ClCompile Include="bot\pb_mapgraph.cpp" />
    <ClCompile Include="bot\pb_mapimport.cpp" />
    <ClCompile Include="bot\pb_navpoint.cpp" />
    <ClCompile Include="bot\pb_needs.cpp" />
    <ClCompile Include="bot\pb_observer.cpp" />
    <ClCompile Include="bot\pb_path.cpp" />
    <ClCompile Include="bot\pb_perception.cpp" />
    <ClCompile Include="bot\pb_roaming.cpp" />
    <ClCompile Include="bot\pb_sectors.cpp" />
    <ClCompile Include="bot\pb_vistable.cpp" />
    <ClCompile Include="bot\pb_weapon.cpp" />
    <ClCompile Include="bot\pb_weaponhandling.cpp" />
    <ClCompile Include="bot\pbt_priorityqueue.cpp" />
    <ClCompile Include="dlls\commands.cpp" />
    <ClCompile Include="dlls\dll.cpp" />
    <ClCompile Include="dlls\engine.cpp" />
    <ClCompile Include="dlls\engine_debug.cpp" />
    <ClCompile Include="dlls\h_export.cpp" />
    <ClCompile Include="dlls\startframe.cpp" />
    <ClCompile Include="dlls\util.cpp" />
    <ClCompile Include="metamod\meta_api.cpp" />
    <ClCompile Include="dlls\linkfunc.cpp" />
  </ItemGroup>
  <ItemGroup>
    <ClInclude Include="bot\bot.h" />
    <ClInclude Include="bot\bot_client.h" />
    <ClInclude Include="bot\bot_func.h" />
    <ClInclude Include="bot\bot_weapons.h" />
    <ClInclude Include="bot\marker.h" />
    <ClInclude Include="bot\parabot.h" />
    <ClInclude Include="bot\pb_action.h" />
    <ClInclude Include="bot\pb_cell.h" />
    <ClInclude Include="bot\pb_chat.h" />
    <ClInclude Include="bot\pb_combat.h" />
    <ClInclude Include="bot\pb_configuration.h" />
    <ClInclude Include="bot\pb_focus.h" />
    <ClInclude Include="bot\pb_global.h" />
    <ClInclude Include="bot\pb_goalfinder.h" />
    <ClInclude Include="bot\pb_goals.h" />
    <ClInclude Include="bot\pb_journey.h" />
    <ClInclude Include="bot\pb_kills.h" />
    <ClInclude Include="bot\pb_mapcells.h" />
    <ClInclude Include="bot\pb_mapgraph.h" />
    <ClInclude Include="bot\pb_navpoint.h" />
    <ClInclude Include="bot\pb_needs.h" />
    <ClInclude Include="bot\pb_observer.h" />
    <ClInclude Include="bot\pb_path.h" />
    <ClInclude Include="bot\pb_perception.h" />
    <ClInclude Include="bot\pb_roaming.h" />
    <ClInclude Include="bot\pb_sectors.h" />
    <ClInclude Include="bot\pb_vistable.h" />
    <ClInclude Include="bot\pb_weapon.h" />
    <ClInclude Include="bot\pb_weaponhandling.h" />
    <ClInclude Include="bot\pbt_dynarray.h" />
    <ClInclude Include="bot\pbt_priorityqueue.h" />
    <ClInclude Include="bot\sounds.h" />
    <ClInclude Include="bot\utilityfuncs.h" />
    <ClInclude Include="dlls\cbase.h" />
    <ClInclude Include="dlls\cdll_dll.h" />
    <ClInclude Include="dlls\dll.h" />
    <ClInclude Include="dlls\engine.h" />
    <ClInclude Include="dlls\enginecallback.h" />
    <ClInclude Include="dlls\exportdef.h" />
    <ClInclude Include="dlls\extdll.h" />
    <ClInclude Include="dlls\pakextractor.h" />
    <ClInclude Include="dlls\platform.h" />
    <ClInclude Include="dlls\utf8_strfunc.h" />
    <ClInclude Include="dlls\util.h" />
    <ClInclude Include="dlls\vector.h" />
  </ItemGroup>
</Project>